github.com/golang/mock v1.6.0 h1:ErTB+efbowRARo13NNdxyJji2egdxLGQhRaY+DUumQc=
github.com/google/go-cmp v0.5.9 h1:O2Tfq5qg4qc4AmwVlvv0oLiVAGB7enBSJ2x2DqQFi38=
github.com/google/uuid v1.3.0 h1:t6JiXgmwXMjEs8VusXIJk2BXHsn+wx8BZdTaoZ5fu7I=
github.com/google/uuid v1.3.0/go.mod h1:TIyPZe4MgqvfeYDBFedMoGGpEw/LqOeaOT+nhxU+yHo=
github.com/modernice/goes v0.2.3 h1:p+R1x9HAco0TcfDO2aAF/DqBTdgD67V4EbntQBJef0Q=
github.com/modernice/goes v0.2.3/go.mod h1:up6XLP1TqpDT3ylOKbaSC0gN1R9Ve1sgLWs0hk7RiWw=
